Microsoft Visual Studio Solution File, Format Version 11.00
# Visual Studio 2008

Project("{859BF2A7-3D27-73BD-E780-B0B3CAE8F3F7}") = "protype", "Assembly-CSharp-firstpass-vs.csproj", "{400F370B-A70C-22CF-2C00-6F13C3F21E53}"
EndProject
Project("{859BF2A7-3D27-73BD-E780-B0B3CAE8F3F7}") = "protype", "Assembly-CSharp-vs.csproj", "{35D2813B-B4A2-0B06-726E-CA5686B330A1}"
EndProject
Global
	GlobalSection(SolutionConfigurationPlatforms) = preSolution
		Debug|Any CPU = Debug|Any CPU
		Release|Any CPU = Release|Any CPU
	EndGlobalSection
	GlobalSection(ProjectConfigurationPlatforms) = postSolution
		{400F370B-A70C-22CF-2C00-6F13C3F21E53}.Debug|Any CPU.ActiveCfg = Debug|Any CPU
		{400F370B-A70C-22CF-2C00-6F13C3F21E53}.Debug|Any CPU.Build.0 = Debug|Any CPU
		{400F370B-A70C-22CF-2C00-6F13C3F21E53}.Release|Any CPU.ActiveCfg = Release|Any CPU
		{400F370B-A70C-22CF-2C00-6F13C3F21E53}.Release|Any CPU.Build.0 = Release|Any CPU
		{35D2813B-B4A2-0B06-726E-CA5686B330A1}.Debug|Any CPU.ActiveCfg = Debug|Any CPU
		{35D2813B-B4A2-0B06-726E-CA5686B330A1}.Debug|Any CPU.Build.0 = Debug|Any CPU
		{35D2813B-B4A2-0B06-726E-CA5686B330A1}.Release|Any CPU.ActiveCfg = Release|Any CPU
		{35D2813B-B4A2-0B06-726E-CA5686B330A1}.Release|Any CPU.Build.0 = Release|Any CPU
	EndGlobalSection
	GlobalSection(SolutionProperties) = preSolution
		HideSolutionNode = FALSE
	EndGlobalSection
																																										GlobalSection(MonoDevelopProperties) = preSolution
		StartupItem = Assembly-CSharp.csproj
		Policies = $0
		$0.TextStylePolicy = $1
		$1.inheritsSet = null
		$1.scope = text/x-csharp
		$0.CSharpFormattingPolicy = $2
		$2.inheritsSet = Mono
		$2.inheritsScope = text/x-csharp
		$2.scope = text/x-csharp
		$0.TextStylePolicy = $3
		$3.FileWidth = 120
		$3.TabWidth = 4
		$3.EolMarker = Unix
		$3.inheritsSet = Mono
		$3.inheritsScope = text/plain
		$3.scope = text/plain
	EndGlobalSection

EndGlobal
